Microsoft Visual Studio Solution File, Format Version 12.00
# Visual Studio 2012
Project("{FAE04EC0-301F-11D3-BF4B-00C04F79EFBC}") = "DrawOrDraw", "DrawOrDraw.csproj", "{AA821FAF-170F-46F4-9E23-1AD8E650E23A}"
EndProject
Global
	GlobalSection(SolutionConfigurationPlatforms) = preSolution
	Debug|Any CPU = Debug|Any CPU
	ExportDebug|Any CPU = ExportDebug|Any CPU
	ExportRelease|Any CPU = ExportRelease|Any CPU
	EndGlobalSection
	GlobalSection(ProjectConfigurationPlatforms) = postSolution
		{AA821FAF-170F-46F4-9E23-1AD8E650E23A}.Debug|Any CPU.ActiveCfg = Debug|Any CPU
		{AA821FAF-170F-46F4-9E23-1AD8E650E23A}.Debug|Any CPU.Build.0 = Debug|Any CPU
		{AA821FAF-170F-46F4-9E23-1AD8E650E23A}.ExportDebug|Any CPU.ActiveCfg = ExportDebug|Any CPU
		{AA821FAF-170F-46F4-9E23-1AD8E650E23A}.ExportDebug|Any CPU.Build.0 = ExportDebug|Any CPU
		{AA821FAF-170F-46F4-9E23-1AD8E650E23A}.ExportRelease|Any CPU.ActiveCfg = ExportRelease|Any CPU
		{AA821FAF-170F-46F4-9E23-1AD8E650E23A}.ExportRelease|Any CPU.Build.0 = ExportRelease|Any CPU
	EndGlobalSection
EndGlobal
